
Microsoft Visual Studio Solution File, Format Version 12.00
# Visual Studio Version 17
VisualStudioVersion = 17.7.34221.43
MinimumVisualStudioVersion = 10.0.40219.1
Project("{FAE04EC0-301F-11D3-BF4B-00C04F79EFBC}") = "PadLeftPadRightt", "PadLeftPadRightt\PadLeftPadRightt.csproj", "{A3343AC0-D38A-454B-BE5C-2529AFAF8218}"
EndProject
Global
	GlobalSection(SolutionConfigurationPlatforms) = preSolution
		Debug|Any CPU = Debug|Any CPU
		Release|Any CPU = Release|Any CPU
	EndGlobalSection
	GlobalSection(ProjectConfigurationPlatforms) = postSolution
		{A3343AC0-D38A-454B-BE5C-2529AFAF8218}.Debug|Any CPU.ActiveCfg = Debug|Any CPU
		{A3343AC0-D38A-454B-BE5C-2529AFAF8218}.Debug|Any CPU.Build.0 = Debug|Any CPU
		{A3343AC0-D38A-454B-BE5C-2529AFAF8218}.Release|Any CPU.ActiveCfg = Release|Any CPU
		{A3343AC0-D38A-454B-BE5C-2529AFAF8218}.Release|Any CPU.Build.0 = Release|Any CPU
	EndGlobalSection
	GlobalSection(SolutionProperties) = preSolution
		HideSolutionNode = FALSE
	EndGlobalSection
	GlobalSection(ExtensibilityGlobals) = postSolution
		SolutionGuid = {5C0F3B52-47DA-4552-AC44-4EF5FA560573}
	EndGlobalSection
EndGlobal
